// !$*UTF8*$!
{
	archiveVersion = 1;
	classes = {
	};
	objectVersion = 46;
	objects = {

/* Begin PBXBuildFile section */
		0AE9BCAD1EB55C58000D8B2F /* AppDelegate.swift in Sources */ = {isa = PBXBuildFile; fileRef = 0AE9BCAC1EB55C57000D8B2F /* AppDelegate.swift */; };
		0AE9BCAF1EB55C58000D8B2F /* ViewController.swift in Sources */ = {isa = PBXBuildFile; fileRef = 0AE9BCAE1EB55C58000D8B2F /* ViewController.swift */; };
		0AE9BCB21EB55C59000D8B2F /* Main.storyboard in Resources */ = {isa = PBXBuildFile; fileRef = 0AE9BCB01EB55C59000D8B2F /* Main.storyboard */; };
		0AE9BCB41EB55C59000D8B2F /* Assets.xcassets in Resources */ = {isa = PBXBuildFile; fileRef = 0AE9BCB31EB55C59000D8B2F /* Assets.xcassets */; };
		0AE9BCB71EB55C59000D8B2F /* LaunchScreen.storyboard in Resources */ = {isa = PBXBuildFile; fileRef = 0AE9BCB51EB55C59000D8B2F /* LaunchScreen.storyboard */; };
		0AE9BCC21EB55C59000D8B2F /* PrimerproyectoTests.swift in Sources */ = {isa = PBXBuildFile; fileRef = 0AE9BCC11EB55C59000D8B2F /* PrimerproyectoTests.swift */; };
		0AE9BCCD1EB55C59000D8B2F /* PrimerproyectoUITests.swift in Sources */ = {isa = PBXBuildFile; fileRef = 0AE9BCCC1EB55C59000D8B2F /* PrimerproyectoUITests.swift */; };
/* End PBXBuildFile section */

/* Begin PBXContainerItemProxy section */
		0AE9BCBE1EB55C59000D8B2F /* PBXContainerItemProxy */ = {
			isa = PBXContainerItemProxy;
			containerPortal = 0AE9BCA11EB55C56000D8B2F /* Project object */;
			proxyType = 1;
			remoteGlobalIDString = 0AE9BCA81EB55C56000D8B2F;
			remoteInfo = Primerproyecto;
		};
		0AE9BCC91EB55C59000D8B2F /* PBXContainerItemProxy */ = {
			isa = PBXContainerItemProxy;
			containerPortal = 0AE9BCA11EB55C56000D8B2F /* Project object */;
			proxyType = 1;
			remoteGlobalIDString = 0AE9BCA81EB55C56000D8B2F;
			remoteInfo = Primerproyecto;
		};
/* End PBXContainerItemProxy section */

/* Begin PBXFileReference section */
		0AE9BCA91EB55C57000D8B2F /* Primerproyecto.app */ = {isa = PBXFileReference; explicitFileType = wrapper.application; includeInIndex = 0; path = Primerproyecto.app; sourceTree = BUILT_PRODUCTS_DIR; };
		0AE9BCAC1EB55C57000D8B2F /* AppDelegate.swift */ = {isa = PBXFileReference; lastKnownFileType = sourcecode.swift; path = AppDelegate.swift; sourceTree = "<group>"; };
		0AE9BCAE1EB55C58000D8B2F /* ViewController.swift */ = {isa = PBXFileReference; lastKnownFileType = sourcecode.swift; path = ViewController.swift; sourceTree = "<group>"; };
		0AE9BCB11EB55C59000D8B2F /* Base */ = {isa = PBXFileReference; lastKnownFileType = file.storyboard; name = Base; path = Base.lproj/Main.storyboard; sourceTree = "<group>"; };
		0AE9BCB31EB55C59000D8B2F /* Assets.xcassets */ = {isa = PBXFileReference; lastKnownFileType = folder.assetcatalog; path = Assets.xcassets; sourceTree = "<group>"; };
		0AE9BCB61EB55C59000D8B2F /* Base */ = {isa = PBXFileReference; lastKnownFileType = file.storyboard; name = Base; path = Base.lproj/LaunchScreen.storyboard; sourceTree = "<group>"; };
		0AE9BCB81EB55C59000D8B2F /* Info.plist */ = {isa = PBXFileReference; lastKnownFileType = text.plist.xml; path = Info.plist; sourceTree = "<group>"; };
		0AE9BCBD1EB55C59000D8B2F /* PrimerproyectoTests.xctest */ = {isa = PBXFileReference; explicitFileType = wrapper.cfbundle; includeInIndex = 0; path = PrimerproyectoTests.xctest; sourceTree = BUILT_PRODUCTS_DIR; };
		0AE9BCC11EB55C59000D8B2F /* PrimerproyectoTests.swift */ = {isa = PBXFileReference; lastKnownFileType = sourcecode.swift; path = PrimerproyectoTests.swift; sourceTree = "<group>"; };
		0AE9BCC31EB55C59000D8B2F /* Info.plist */ = {isa = PBXFileReference; lastKnownFileType = text.plist.xml; path = Info.plist; sourceTree = "<group>"; };
		0AE9BCC81EB55C59000D8B2F /* PrimerproyectoUITests.xctest */ = {isa = PBXFileReference; explicitFileType = wrapper.cfbundle; includeInIndex = 0; path = PrimerproyectoUITests.xctest; sourceTree = BUILT_PRODUCTS_DIR; };
		0AE9BCCC1EB55C59000D8B2F /* PrimerproyectoUITests.swift */ = {isa = PBXFileReference; lastKnownFileType = sourcecode.swift; path = PrimerproyectoUITests.swift; sourceTree = "<group>"; };
		0AE9BCCE1EB55C59000D8B2F /* Info.plist */ = {isa = PBXFileReference; lastKnownFileType = text.plist.xml; path = Info.plist; sourceTree = "<group>"; };
/* End PBXFileReference section */

/* Begin PBXFrameworksBuildPhase section */
		0AE9BCA61EB55C56000D8B2F /* Frameworks */ = {
			isa = PBXFrameworksBuildPhase;
			buildActionMask = 2147483647;
			files = (
			);
			runOnlyForDeploymentPostprocessing = 0;
		};
		0AE9BCBA1EB55C59000D8B2F /* Frameworks */ = {
			isa = PBXFrameworksBuildPhase;
			buildActionMask = 2147483647;
			files = (
			);
			runOnlyForDeploymentPostprocessing = 0;
		};
		0AE9BCC51EB55C59000D8B2F /* Frameworks */ = {
			isa = PBXFrameworksBuildPhase;
			buildActionMask = 2147483647;
			files = (
			);
			runOnlyForDeploymentPostprocessing = 0;
		};
/* End PBXFrameworksBuildPhase section */

/* Begin PBXGroup section */
		0AE9BCA01EB55C56000D8B2F = {
			isa = PBXGroup;
			children = (
				0AE9BCAB1EB55C57000D8B2F /* Primerproyecto */,
				0AE9BCC01EB55C59000D8B2F /* PrimerproyectoTests */,
				0AE9BCCB1EB55C59000D8B2F /* PrimerproyectoUITests */,
				0AE9BCAA1EB55C57000D8B2F /* Products */,
			);
			sourceTree = "<group>";
		};
		0AE9BCAA1EB55C57000D8B2F /* Products */ = {
			isa = PBXGroup;
			children = (
				0AE9BCA91EB55C57000D8B2F /* Primerproyecto.app */,
				0AE9BCBD1EB55C59000D8B2F /* PrimerproyectoTests.xctest */,
				0AE9BCC81EB55C59000D8B2F /* PrimerproyectoUITests.xctest */,
			);
			name = Products;
			sourceTree = "<group>";
		};
		0AE9BCAB1EB55C57000D8B2F /* Primerproyecto */ = {
			isa = PBXGroup;
			children = (
				0AE9BCAC1EB55C57000D8B2F /* AppDelegate.swift */,
				0AE9BCAE1EB55C58000D8B2F /* ViewController.swift */,
				0AE9BCB01EB55C59000D8B2F /* Main.storyboard */,
				0AE9BCB31EB55C59000D8B2F /* Assets.xcassets */,
				0AE9BCB51EB55C59000D8B2F /* LaunchScreen.storyboard */,
				0AE9BCB81EB55C59000D8B2F /* Info.plist */,
			);
			path = Primerproyecto;
			sourceTree = "<group>";
		};
		0AE9BCC01EB55C59000D8B2F /* PrimerproyectoTests */ = {
			isa = PBXGroup;
			children = (
				0AE9BCC11EB55C59000D8B2F /* PrimerproyectoTests.swift */,
				0AE9BCC31EB55C59000D8B2F /* Info.plist */,
			);
			path = PrimerproyectoTests;
			sourceTree = "<group>";
		};
		0AE9BCCB1EB55C59000D8B2F /* PrimerproyectoUITests */ = {
			isa = PBXGroup;
			children = (
				0AE9BCCC1EB55C59000D8B2F /* PrimerproyectoUITests.swift */,
				0AE9BCCE1EB55C59000D8B2F /* Info.plist */,
			);
			path = PrimerproyectoUITests;
			sourceTree = "<group>";
		};
/* End PBXGroup section */

/* Begin PBXNativeTarget section */
		0AE9BCA81EB55C56000D8B2F /* Primerproyecto */ = {
			isa = PBXNativeTarget;
			buildConfigurationList = 0AE9BCD11EB55C5A000D8B2F /* Build configuration list for PBXNativeTarget "Primerproyecto" */;
			buildPhases = (
				0AE9BCA51EB55C56000D8B2F /* Sources */,
				0AE9BCA61EB55C56000D8B2F /* Frameworks */,
				0AE9BCA71EB55C56000D8B2F /* Resources */,
			);
			buildRules = (
			);
			dependencies = (
			);
			name = Primerproyecto;
			productName = Primerproyecto;
			productReference = 0AE9BCA91EB55C57000D8B2F /* Primerproyecto.app */;
			productType = "com.apple.product-type.application";
		};
		0AE9BCBC1EB55C59000D8B2F /* PrimerproyectoTests */ = {
			isa = PBXNativeTarget;
			buildConfigurationList = 0AE9BCD41EB55C5A000D8B2F /* Build configuration list for PBXNativeTarget "PrimerproyectoTests" */;
			buildPhases = (
				0AE9BCB91EB55C59000D8B2F /* Sources */,
				0AE9BCBA1EB55C59000D8B2F /* Frameworks */,
				0AE9BCBB1EB55C59000D8B2F /* Resources */,
			);
			buildRules = (
			);
			dependencies = (
				0AE9BCBF1EB55C59000D8B2F /* PBXTargetDependency */,
			);
			name = PrimerproyectoTests;
			productName = PrimerproyectoTests;
			productReference = 0AE9BCBD1EB55C59000D8B2F /* PrimerproyectoTests.xctest */;
			productType = "com.apple.product-type.bundle.unit-test";
		};
		0AE9BCC71EB55C59000D8B2F /* PrimerproyectoUITests */ = {
			isa = PBXNativeTarget;
			buildConfigurationList = 0AE9BCD71EB55C5A000D8B2F /* Build configuration list for PBXNativeTarget "PrimerproyectoUITests" */;
			buildPhases = (
				0AE9BCC41EB55C59000D8B2F /* Sources */,
				0AE9BCC51EB55C59000D8B2F /* Frameworks */,
				0AE9BCC61EB55C59000D8B2F /* Resources */,
			);
			buildRules = (
			);
			dependencies = (
				0AE9BCCA1EB55C59000D8B2F /* PBXTargetDependency */,
			);
			name = PrimerproyectoUITests;
			productName = PrimerproyectoUITests;
			productReference = 0AE9BCC81EB55C59000D8B2F /* PrimerproyectoUITests.xctest */;
			productType = "com.apple.product-type.bundle.ui-testing";
		};
/* End PBXNativeTarget section */

/* Begin PBXProject section */
		0AE9BCA11EB55C56000D8B2F /* Project object */ = {
			isa = PBXProject;
			attributes = {
				LastSwiftUpdateCheck = 0830;
				LastUpgradeCheck = 0830;
				ORGANIZATIONNAME = "Gustavo Jimenez";
				TargetAttributes = {
					0AE9BCA81EB55C56000D8B2F = {
						CreatedOnToolsVersion = 8.3.2;
						ProvisioningStyle = Automatic;
					};
					0AE9BCBC1EB55C59000D8B2F = {
						CreatedOnToolsVersion = 8.3.2;
						ProvisioningStyle = Automatic;
						TestTargetID = 0AE9BCA81EB55C56000D8B2F;
					};
					0AE9BCC71EB55C59000D8B2F = {
						CreatedOnToolsVersion = 8.3.2;
						ProvisioningStyle = Automatic;
						TestTargetID = 0AE9BCA81EB55C56000D8B2F;
					};
				};
			};
			buildConfigurationList = 0AE9BCA41EB55C56000D8B2F /* Build configuration list for PBXProject "Primerproyecto" */;
			compatibilityVersion = "Xcode 3.2";
			developmentRegion = English;
			hasScannedForEncodings = 0;
			knownRegions = (
				en,
				Base,
			);
			mainGroup = 0AE9BCA01EB55C56000D8B2F;
			productRefGroup = 0AE9BCAA1EB55C57000D8B2F /* Products */;
			projectDirPath = "";
			projectRoot = "";
			targets = (
				0AE9BCA81EB55C56000D8B2F /* Primerproyecto */,
				0AE9BCBC1EB55C59000D8B2F /* PrimerproyectoTests */,
				0AE9BCC71EB55C59000D8B2F /* PrimerproyectoUITests */,
			);
		};
/* End PBXProject section */

/* Begin PBXResourcesBuildPhase section */
		0AE9BCA71EB55C56000D8B2F /* Resources */ = {
			isa = PBXResourcesBuildPhase;
			buildActionMask = 2147483647;
			files = (
				0AE9BCB71EB55C59000D8B2F /* LaunchScreen.storyboard in Resources */,
				0AE9BCB41EB55C59000D8B2F /* Assets.xcassets in Resources */,
				0AE9BCB21EB55C59000D8B2F /* Main.storyboard in Resources */,
			);
			runOnlyForDeploymentPostprocessing = 0;
		};
		0AE9BCBB1EB55C59000D8B2F /* Resources */ = {
			isa = PBXResourcesBuildPhase;
			buildActionMask = 2147483647;
			files = (
			);
			runOnlyForDeploymentPostprocessing = 0;
		};
		0AE9BCC61EB55C59000D8B2F /* Resources */ = {
			isa = PBXResourcesBuildPhase;
			buildActionMask = 2147483647;
			files = (
			);
			runOnlyForDeploymentPostprocessing = 0;
		};
/* End PBXResourcesBuildPhase section */

/* Begin PBXSourcesBuildPhase section */
		0AE9BCA51EB55C56000D8B2F /* Sources */ = {
			isa = PBXSourcesBuildPhase;
			buildActionMask = 2147483647;
			files = (
				0AE9BCAF1EB55C58000D8B2F /* ViewController.swift in Sources */,
				0AE9BCAD1EB55C58000D8B2F /* AppDelegate.swift in Sources */,
			);
			runOnlyForDeploymentPostprocessing = 0;
		};
		0AE9BCB91EB55C59000D8B2F /* Sources */ = {
			isa = PBXSourcesBuildPhase;
			buildActionMask = 2147483647;
			files = (
				0AE9BCC21EB55C59000D8B2F /* PrimerproyectoTests.swift in Sources */,
			);
			runOnlyForDeploymentPostprocessing = 0;
		};
		0AE9BCC41EB55C59000D8B2F /* Sources */ = {
			isa = PBXSourcesBuildPhase;
			buildActionMask = 2147483647;
			files = (
				0AE9BCCD1EB55C59000D8B2F /* PrimerproyectoUITests.swift in Sources */,
			);
			runOnlyForDeploymentPostprocessing = 0;
		};
/* End PBXSourcesBuildPhase section */

/* Begin PBXTargetDependency section */
		0AE9BCBF1EB55C59000D8B2F /* PBXTargetDependency */ = {
			isa = PBXTargetDependency;
			target = 0AE9BCA81EB55C56000D8B2F /* Primerproyecto */;
			targetProxy = 0AE9BCBE1EB55C59000D8B2F /* PBXContainerItemProxy */;
		};
		0AE9BCCA1EB55C59000D8B2F /* PBXTargetDependency */ = {
			isa = PBXTargetDependency;
			target = 0AE9BCA81EB55C56000D8B2F /* Primerproyecto */;
			targetProxy = 0AE9BCC91EB55C59000D8B2F /* PBXContainerItemProxy */;
		};
/* End PBXTargetDependency section */

/* Begin PBXVariantGroup section */
		0AE9BCB01EB55C59000D8B2F /* Main.storyboard */ = {
			isa = PBXVariantGroup;
			children = (
				0AE9BCB11EB55C59000D8B2F /* Base */,
			);
			name = Main.storyboard;
			sourceTree = "<group>";
		};
		0AE9BCB51EB55C59000D8B2F /* LaunchScreen.storyboard */ = {
			isa = PBXVariantGroup;
			children = (
				0AE9BCB61EB55C59000D8B2F /* Base */,
			);
			name = LaunchScreen.storyboard;
			sourceTree = "<group>";
		};
/* End PBXVariantGroup section */

/* Begin XCBuildConfiguration section */
		0AE9BCCF1EB55C5A000D8B2F /* Debug */ = {
			isa = XCBuildConfiguration;
			buildSettings = {
				ALWAYS_SEARCH_USER_PATHS = NO;
				CLANG_ANALYZER_NONNULL = YES;
				CLANG_ANALYZER_NUMBER_OBJECT_CONVERSION = YES_AGGRESSIVE;
				CLANG_CXX_LANGUAGE_STANDARD = "gnu++0x";
				CLANG_CXX_LIBRARY = "libc++";
				CLANG_ENABLE_MODULES = YES;
				CLANG_ENABLE_OBJC_ARC = YES;
				CLANG_WARN_BOOL_CONVERSION = YES;
				CLANG_WARN_CONSTANT_CONVERSION = YES;
				CLANG_WARN_DIRECT_OBJC_ISA_USAGE = YES_ERROR;
				CLANG_WARN_DOCUMENTATION_COMMENTS = YES;
				CLANG_WARN_EMPTY_BODY = YES;
				CLANG_WARN_ENUM_CONVERSION = YES;
				CLANG_WARN_INFINITE_RECURSION = YES;
				CLANG_WARN_INT_CONVERSION = YES;
				CLANG_WARN_OBJC_ROOT_CLASS = YES_ERROR;
				CLANG_WARN_SUSPICIOUS_MOVE = YES;
				CLANG_WARN_UNREACHABLE_CODE = YES;
				CLANG_WARN__DUPLICATE_METHOD_MATCH = YES;
				"CODE_SIGN_IDENTITY[sdk=iphoneos*]" = "iPhone Developer";
				COPY_PHASE_STRIP = NO;
				DEBUG_INFORMATION_FORMAT = dwarf;
				ENABLE_STRICT_OBJC_MSGSEND = YES;
				ENABLE_TESTABILITY = YES;
				GCC_C_LANGUAGE_STANDARD = gnu99;
				GCC_DYNAMIC_NO_PIC = NO;
				GCC_NO_COMMON_BLOCKS = YES;
				GCC_OPTIMIZATION_LEVEL = 0;
				GCC_PREPROCESSOR_DEFINITIONS = (
					"DEBUG=1",
					"$(inherited)",
				);
				GCC_WARN_64_TO_32_BIT_CONVERSION = YES;
				GCC_WARN_ABOUT_RETURN_TYPE = YES_ERROR;
				GCC_WARN_UNDECLARED_SELECTOR = YES;
				GCC_WARN_UNINITIALIZED_AUTOS = YES_AGGRESSIVE;
				GCC_WARN_UNUSED_FUNCTION = YES;
				GCC_WARN_UNUSED_VARIABLE = YES;
				IPHONEOS_DEPLOYMENT_TARGET = 10.3;
				MTL_ENABLE_DEBUG_INFO = YES;
				ONLY_ACTIVE_ARCH = YES;
				SDKROOT = iphoneos;
				SWIFT_ACTIVE_COMPILATION_CONDITIONS = DEBUG;
				SWIFT_OPTIMIZATION_LEVEL = "-Onone";
				TARGETED_DEVICE_FAMILY = "1,2";
			};
			name = Debug;
		};
		0AE9BCD01EB55C5A000D8B2F /* Release */ = {
			isa = XCBuildConfiguration;
			buildSettings = {
				ALWAYS_SEARCH_USER_PATHS = NO;
				CLANG_ANALYZER_NONNULL = YES;
				CLANG_ANALYZER_NUMBER_OBJECT_CONVERSION = YES_AGGRESSIVE;
				CLANG_CXX_LANGUAGE_STANDARD = "gnu++0x";
				CLANG_CXX_LIBRARY = "libc++";
				CLANG_ENABLE_MODULES = YES;
				CLANG_ENABLE_OBJC_ARC = YES;
				CLANG_WARN_BOOL_CONVERSION = YES;
				CLANG_WARN_CONSTANT_CONVERSION = YES;
				CLANG_WARN_DIRECT_OBJC_ISA_USAGE = YES_ERROR;
				CLANG_WARN_DOCUMENTATION_COMMENTS = YES;
				CLANG_WARN_EMPTY_BODY = YES;
				CLANG_WARN_ENUM_CONVERSION = YES;
				CLANG_WARN_INFINITE_RECURSION = YES;
				CLANG_WARN_INT_CONVERSION = YES;
				CLANG_WARN_OBJC_ROOT_CLASS = YES_ERROR;
				CLANG_WARN_SUSPICIOUS_MOVE = YES;
				CLANG_WARN_UNREACHABLE_CODE = YES;
				CLANG_WARN__DUPLICATE_METHOD_MATCH = YES;
				"CODE_SIGN_IDENTITY[sdk=iphoneos*]" = "iPhone Developer";
				COPY_PHASE_STRIP = NO;
				DEBUG_INFORMATION_FORMAT = "dwarf-with-dsym";
				ENABLE_NS_ASSERTIONS = NO;
				ENABLE_STRICT_OBJC_MSGSEND = YES;
				GCC_C_LANGUAGE_STANDARD = gnu99;
				GCC_NO_COMMON_BLOCKS = YES;
				GCC_WARN_64_TO_32_BIT_CONVERSION = YES;
				GCC_WARN_ABOUT_RETURN_TYPE = YES_ERROR;
				GCC_WARN_UNDECLARED_SELECTOR = YES;
				GCC_WARN_UNINITIALIZED_AUTOS = YES_AGGRESSIVE;
				GCC_WARN_UNUSED_FUNCTION = YES;
				GCC_WARN_UNUSED_VARIABLE = YES;
				IPHONEOS_DEPLOYMENT_TARGET = 10.3;
				MTL_ENABLE_DEBUG_INFO = NO;
				SDKROOT = iphoneos;
				SWIFT_OPTIMIZATION_LEVEL = "-Owholemodule";
				TARGETED_DEVICE_FAMILY = "1,2";
				VALIDATE_PRODUCT = YES;
			};
			name = Release;
		};
		0AE9BCD21EB55C5A000D8B2F /* Debug */ = {
			isa = XCBuildConfiguration;
			buildSettings = {
				ASSETCATALOG_COMPILER_APPICON_NAME = AppIcon;
				INFOPLIST_FILE = Primerproyecto/Info.plist;
				LD_RUNPATH_SEARCH_PATHS = "$(inherited) @executable_path/Frameworks";
				PRODUCT_BUNDLE_IDENTIFIER = Drjimenezapp.Primerproyecto;
				PRODUCT_NAME = "$(TARGET_NAME)";
				SWIFT_VERSION = 3.0;
			};
			name = Debug;
		};
		0AE9BCD31EB55C5A000D8B2F /* Release */ = {
			isa = XCBuildConfiguration;
			buildSettings = {
				ASSETCATALOG_COMPILER_APPICON_NAME = AppIcon;
				INFOPLIST_FILE = Primerproyecto/Info.plist;
				LD_RUNPATH_SEARCH_PATHS = "$(inherited) @executable_path/Frameworks";
				PRODUCT_BUNDLE_IDENTIFIER = Drjimenezapp.Primerproyecto;
				PRODUCT_NAME = "$(TARGET_NAME)";
				SWIFT_VERSION = 3.0;
			};
			name = Release;
		};
		0AE9BCD51EB55C5A000D8B2F /* Debug */ = {
			isa = XCBuildConfiguration;
			buildSettings = {
				ALWAYS_EMBED_SWIFT_STANDARD_LIBRARIES = YES;
				BUNDLE_LOADER = "$(TEST_HOST)";
				INFOPLIST_FILE = PrimerproyectoTests/Info.plist;
				LD_RUNPATH_SEARCH_PATHS = "$(inherited) @executable_path/Frameworks @loader_path/Frameworks";
				PRODUCT_BUNDLE_IDENTIFIER = Drjimenezapp.PrimerproyectoTests;
				PRODUCT_NAME = "$(TARGET_NAME)";
				SWIFT_VERSION = 3.0;
				TEST_HOST = "$(BUILT_PRODUCTS_DIR)/Primerproyecto.app/Primerproyecto";
			};
			name = Debug;
		};
		0AE9BCD61EB55C5A000D8B2F /* Release */ = {
			isa = XCBuildConfiguration;
			buildSettings = {
				ALWAYS_EMBED_SWIFT_STANDARD_LIBRARIES = YES;
				BUNDLE_LOADER = "$(TEST_HOST)";
				INFOPLIST_FILE = PrimerproyectoTests/Info.plist;
				LD_RUNPATH_SEARCH_PATHS = "$(inherited) @executable_path/Frameworks @loader_path/Frameworks";
				PRODUCT_BUNDLE_IDENTIFIER = Drjimenezapp.PrimerproyectoTests;
				PRODUCT_NAME = "$(TARGET_NAME)";
				SWIFT_VERSION = 3.0;
				TEST_HOST = "$(BUILT_PRODUCTS_DIR)/Primerproyecto.app/Primerproyecto";
			};
			name = Release;
		};
		0AE9BCD81EB55C5A000D8B2F /* Debug */ = {
			isa = XCBuildConfiguration;
			buildSettings = {
				ALWAYS_EMBED_SWIFT_STANDARD_LIBRARIES = YES;
				INFOPLIST_FILE = PrimerproyectoUITests/Info.plist;
				LD_RUNPATH_SEARCH_PATHS = "$(inherited) @executable_path/Frameworks @loader_path/Frameworks";
				PRODUCT_BUNDLE_IDENTIFIER = Drjimenezapp.PrimerproyectoUITests;
				PRODUCT_NAME = "$(TARGET_NAME)";
				SWIFT_VERSION = 3.0;
				TEST_TARGET_NAME = Primerproyecto;
			};
			name = Debug;
		};
		0AE9BCD91EB55C5A000D8B2F /* Release */ = {
			isa = XCBuildConfiguration;
			buildSettings = {
				ALWAYS_EMBED_SWIFT_STANDARD_LIBRARIES = YES;
				INFOPLIST_FILE = PrimerproyectoUITests/Info.plist;
				LD_RUNPATH_SEARCH_PATHS = "$(inherited) @executable_path/Frameworks @loader_path/Frameworks";
				PRODUCT_BUNDLE_IDENTIFIER = Drjimenezapp.PrimerproyectoUITests;
				PRODUCT_NAME = "$(TARGET_NAME)";
				SWIFT_VERSION = 3.0;
				TEST_TARGET_NAME = Primerproyecto;
			};
			name = Release;
		};
/* End XCBuildConfiguration section */

/* Begin XCConfigurationList section */
		0AE9BCA41EB55C56000D8B2F /* Build configuration list for PBXProject "Primerproyecto" */ = {
			isa = XCConfigurationList;
			buildConfigurations = (
				0AE9BCCF1EB55C5A000D8B2F /* Debug */,
				0AE9BCD01EB55C5A000D8B2F /* Release */,
			);
			defaultConfigurationIsVisible = 0;
			defaultConfigurationName = Release;
		};
		0AE9BCD11EB55C5A000D8B2F /* Build configuration list for PBXNativeTarget "Primerproyecto" */ = {
			isa = XCConfigurationList;
			buildConfigurations = (
				0AE9BCD21EB55C5A000D8B2F /* Debug */,
				0AE9BCD31EB55C5A000D8B2F /* Release */,
			);
			defaultConfigurationIsVisible = 0;
		};
		0AE9BCD41EB55C5A000D8B2F /* Build configuration list for PBXNativeTarget "PrimerproyectoTests" */ = {
			isa = XCConfigurationList;
			buildConfigurations = (
				0AE9BCD51EB55C5A000D8B2F /* Debug */,
				0AE9BCD61EB55C5A000D8B2F /* Release */,
			);
			defaultConfigurationIsVisible = 0;
		};
		0AE9BCD71EB55C5A000D8B2F /* Build configuration list for PBXNativeTarget "PrimerproyectoUITests" */ = {
			isa = XCConfigurationList;
			buildConfigurations = (
				0AE9BCD81EB55C5A000D8B2F /* Debug */,
				0AE9BCD91EB55C5A000D8B2F /* Release */,
			);
			defaultConfigurationIsVisible = 0;
		};
/* End XCConfigurationList section */
	};
	rootObject = 0AE9BCA11EB55C56000D8B2F /* Project object */;
}
